
Microsoft Visual Studio Solution File, Format Version 12.00
# Visual Studio 15
VisualStudioVersion = 15.0.26730.12
MinimumVisualStudioVersion = 10.0.40219.1
Project("{FAE04EC0-301F-11D3-BF4B-00C04F79EFBC}") = "E-Saldytuvas.Server", "E-Saldytuvas.Server\E-Saldytuvas.Server.csproj", "{A8924E07-6BB2-43A5-8D86-B95D300D23AA}"
EndProject
Global
	GlobalSection(SolutionConfigurationPlatforms) = preSolution
		Debug|Any CPU = Debug|Any CPU
		Release|Any CPU = Release|Any CPU
	EndGlobalSection
	GlobalSection(ProjectConfigurationPlatforms) = postSolution
		{A8924E07-6BB2-43A5-8D86-B95D300D23AA}.Debug|Any CPU.ActiveCfg = Debug|Any CPU
		{A8924E07-6BB2-43A5-8D86-B95D300D23AA}.Debug|Any CPU.Build.0 = Debug|Any CPU
		{A8924E07-6BB2-43A5-8D86-B95D300D23AA}.Release|Any CPU.ActiveCfg = Release|Any CPU
		{A8924E07-6BB2-43A5-8D86-B95D300D23AA}.Release|Any CPU.Build.0 = Release|Any CPU
	EndGlobalSection
	GlobalSection(SolutionProperties) = preSolution
		HideSolutionNode = FALSE
	EndGlobalSection
	GlobalSection(ExtensibilityGlobals) = postSolution
		SolutionGuid = {4F36FEBF-7BA9-4FE9-B384-07F8E72AF67F}
	EndGlobalSection
EndGlobal
